
Microsoft Visual Studio Solution File, Format Version 12.00
# Visual Studio 2013
VisualStudioVersion = 12.0.40629.0
MinimumVisualStudioVersion = 10.0.40219.1
Project("{FAE04EC0-301F-11D3-BF4B-00C04F79EFBC}") = "StronglyTypedJsonPath", "StronglyTypedJsonPath\StronglyTypedJsonPath.csproj", "{6694C3C9-99F2-494E-83F3-7C9C736BBB5B}"
EndProject
Project("{FAE04EC0-301F-11D3-BF4B-00C04F79EFBC}") = "StronglyTypedJsonPath.Test", "StronglyTypedJsonPath.Test\StronglyTypedJsonPath.Test.csproj", "{5450D393-82FA-499A-8EAE-1587C4AC2F62}"
EndProject
Project("{FAE04EC0-301F-11D3-BF4B-00C04F79EFBC}") = "CompiledReflection", "CompiledReflection\CompiledReflection.csproj", "{E12E547E-FD8B-42B3-84BC-377FC64475CF}"
EndProject
Project("{FAE04EC0-301F-11D3-BF4B-00C04F79EFBC}") = "CompiledReflection.Test", "CompiledReflection.Test\CompiledReflection.Test.csproj", "{62F242F4-D49C-4640-8CEC-55CDFCE9EE60}"
EndProject
Global
	GlobalSection(SolutionConfigurationPlatforms) = preSolution
		Debug|Any CPU = Debug|Any CPU
		Release|Any CPU = Release|Any CPU
	EndGlobalSection
	GlobalSection(ProjectConfigurationPlatforms) = postSolution
		{6694C3C9-99F2-494E-83F3-7C9C736BBB5B}.Debug|Any CPU.ActiveCfg = Debug|Any CPU
		{6694C3C9-99F2-494E-83F3-7C9C736BBB5B}.Release|Any CPU.ActiveCfg = Release|Any CPU
		{6694C3C9-99F2-494E-83F3-7C9C736BBB5B}.Release|Any CPU.Build.0 = Release|Any CPU
		{5450D393-82FA-499A-8EAE-1587C4AC2F62}.Debug|Any CPU.ActiveCfg = Debug|Any CPU
		{5450D393-82FA-499A-8EAE-1587C4AC2F62}.Release|Any CPU.ActiveCfg = Release|Any CPU
		{5450D393-82FA-499A-8EAE-1587C4AC2F62}.Release|Any CPU.Build.0 = Release|Any CPU
		{E12E547E-FD8B-42B3-84BC-377FC64475CF}.Debug|Any CPU.ActiveCfg = Debug|Any CPU
		{E12E547E-FD8B-42B3-84BC-377FC64475CF}.Debug|Any CPU.Build.0 = Debug|Any CPU
		{E12E547E-FD8B-42B3-84BC-377FC64475CF}.Release|Any CPU.ActiveCfg = Release|Any CPU
		{E12E547E-FD8B-42B3-84BC-377FC64475CF}.Release|Any CPU.Build.0 = Release|Any CPU
		{62F242F4-D49C-4640-8CEC-55CDFCE9EE60}.Debug|Any CPU.ActiveCfg = Debug|Any CPU
		{62F242F4-D49C-4640-8CEC-55CDFCE9EE60}.Debug|Any CPU.Build.0 = Debug|Any CPU
		{62F242F4-D49C-4640-8CEC-55CDFCE9EE60}.Release|Any CPU.ActiveCfg = Release|Any CPU
		{62F242F4-D49C-4640-8CEC-55CDFCE9EE60}.Release|Any CPU.Build.0 = Release|Any CPU
	EndGlobalSection
	GlobalSection(SolutionProperties) = preSolution
		HideSolutionNode = FALSE
	EndGlobalSection
EndGlobal
